{
    "format_version": "1.2",
    "terraform_version": "1.6.6",
    "planned_values": {
        "root_module": {
            "resources": [
                {
                    "address": "aws_neptune_cluster.default",
                    "mode": "managed",
                    "type": "aws_neptune_cluster",
                    "name": "default",
                    "provider_name": "registry.terraform.io/hashicorp/aws",
                    "schema_version": 0,
                    "values": {
                        "allow_major_version_upgrade": false,
                        "apply_immediately": true,
                        "availability_zones": [
                            "us-east-1a"
                        ],
                        "backup_retention_period": 2,
                        "cluster_identifier": "neptune-cluster-demo",
                        "copy_tags_to_snapshot": false,
                        "deletion_protection": false,
                        "enable_cloudwatch_logs_exports": [
                            "audit",
                            "slowquery"
                        ],
                        "engine": "neptune",
                        "engine_version": "1.2.1.0",
                        "final_snapshot_identifier": "cluster-final-snapshot",
                        "global_cluster_identifier": null,
                        "iam_database_authentication_enabled": false,
                        "iam_roles": null,
                        "neptune_instance_parameter_group_name": null,
                        "port": 8182,
                        "preferred_backup_window": "07:00-09:00",
                        "replication_source_identifier": null,
                        "serverless_v2_scaling_configuration": [],
                        "skip_final_snapshot": true,
                        "snapshot_identifier": null,
                        "storage_encrypted": false,
                        "tags": {
                            "test-tag": "insert tag"
                        },
                        "tags_all": {
                            "test-tag": "insert tag"
                        },
                        "timeouts": null
                    },
                    "sensitive_values": {
                        "availability_zones": [
                            false
                        ],
                        "cluster_members": [],
                        "enable_cloudwatch_logs_exports": [
                            false,
                            false
                        ],
                        "serverless_v2_scaling_configuration": [],
                        "tags": {},
                        "tags_all": {},
                        "vpc_security_group_ids": []
                    }
                },
                {
                    "address": "aws_neptune_cluster_parameter_group.example_cluster_parameter_group",
                    "mode": "managed",
                    "type": "aws_neptune_cluster_parameter_group",
                    "name": "example_cluster_parameter_group",
                    "provider_name": "registry.terraform.io/hashicorp/aws",
                    "schema_version": 0,
                    "values": {
                        "description": "terraform neptune cluster parameter group",
                        "family": "neptune1.2",
                        "name": "example",
                        "parameter": [
                            {
                                "apply_method": "pending-reboot",
                                "name": "neptune_enable_audit_log",
                                "value": "1"
                            }
                        ],
                        "tags": {
                            "Name": "My neptune cluster parameter group"
                        },
                        "tags_all": {
                            "Name": "My neptune cluster parameter group"
                        }
                    },
                    "sensitive_values": {
                        "parameter": [
                            {}
                        ],
                        "tags": {},
                        "tags_all": {}
                    }
                },
                {
                    "address": "aws_neptune_subnet_group.example_subnet_group",
                    "mode": "managed",
                    "type": "aws_neptune_subnet_group",
                    "name": "example_subnet_group",
                    "provider_name": "registry.terraform.io/hashicorp/aws",
                    "schema_version": 0,
                    "values": {
                        "description": "terraform neptune subnet group",
                        "name": "example",
                        "tags": {
                            "Name": "My neptune subnet group"
                        },
                        "tags_all": {
                            "Name": "My neptune subnet group"
                        }
                    },
                    "sensitive_values": {
                        "subnet_ids": [],
                        "tags": {},
                        "tags_all": {}
                    }
                },
                {
                    "address": "aws_subnet.subnet1",
                    "mode": "managed",
                    "type": "aws_subnet",
                    "name": "subnet1",
                    "provider_name": "registry.terraform.io/hashicorp/aws",
                    "schema_version": 1,
                    "values": {
                        "assign_ipv6_address_on_creation": false,
                        "cidr_block": "10.0.1.0/24",
                        "customer_owned_ipv4_pool": null,
                        "enable_dns64": false,
                        "enable_lni_at_device_index": null,
                        "enable_resource_name_dns_a_record_on_launch": false,
                        "enable_resource_name_dns_aaaa_record_on_launch": false,
                        "ipv6_cidr_block": null,
                        "ipv6_native": false,
                        "map_customer_owned_ip_on_launch": null,
                        "map_public_ip_on_launch": false,
                        "outpost_arn": null,
                        "tags": null,
                        "timeouts": null
                    },
                    "sensitive_values": {
                        "tags_all": {}
                    }
                },
                {
                    "address": "aws_subnet.subnet2",
                    "mode": "managed",
                    "type": "aws_subnet",
                    "name": "subnet2",
                    "provider_name": "registry.terraform.io/hashicorp/aws",
                    "schema_version": 1,
                    "values": {
                        "assign_ipv6_address_on_creation": false,
                        "cidr_block": "10.0.2.0/24",
                        "customer_owned_ipv4_pool": null,
                        "enable_dns64": false,
                        "enable_lni_at_device_index": null,
                        "enable_resource_name_dns_a_record_on_launch": false,
                        "enable_resource_name_dns_aaaa_record_on_launch": false,
                        "ipv6_cidr_block": null,
                        "ipv6_native": false,
                        "map_customer_owned_ip_on_launch": null,
                        "map_public_ip_on_launch": false,
                        "outpost_arn": null,
                        "tags": null,
                        "timeouts": null
                    },
                    "sensitive_values": {
                        "tags_all": {}
                    }
                },
                {
                    "address": "aws_vpc.example_vpc",
                    "mode": "managed",
                    "type": "aws_vpc",
                    "name": "example_vpc",
                    "provider_name": "registry.terraform.io/hashicorp/aws",
                    "schema_version": 1,
                    "values": {
                        "assign_generated_ipv6_cidr_block": null,
                        "cidr_block": "10.0.0.0/16",
                        "enable_dns_support": true,
                        "instance_tenancy": "default",
                        "ipv4_ipam_pool_id": null,
                        "ipv4_netmask_length": null,
                        "ipv6_ipam_pool_id": null,
                        "ipv6_netmask_length": null,
                        "tags": null
                    },
                    "sensitive_values": {
                        "tags_all": {}
                    }
                }
            ]
        }
    },
    "resource_changes": [
        {
            "address": "aws_neptune_cluster.default",
            "mode": "managed",
            "type": "aws_neptune_cluster",
            "name": "default",
            "provider_name": "registry.terraform.io/hashicorp/aws",
            "change": {
                "actions": [
                    "create"
                ],
                "before": null,
                "after": {
                    "allow_major_version_upgrade": false,
                    "apply_immediately": true,
                    "availability_zones": [
                        "us-east-1a"
                    ],
                    "backup_retention_period": 2,
                    "cluster_identifier": "neptune-cluster-demo",
                    "copy_tags_to_snapshot": false,
                    "deletion_protection": false,
                    "enable_cloudwatch_logs_exports": [
                        "audit",
                        "slowquery"
                    ],
                    "engine": "neptune",
                    "engine_version": "1.2.1.0",
                    "final_snapshot_identifier": "cluster-final-snapshot",
                    "global_cluster_identifier": null,
                    "iam_database_authentication_enabled": false,
                    "iam_roles": null,
                    "neptune_instance_parameter_group_name": null,
                    "port": 8182,
                    "preferred_backup_window": "07:00-09:00",
                    "replication_source_identifier": null,
                    "serverless_v2_scaling_configuration": [],
                    "skip_final_snapshot": true,
                    "snapshot_identifier": null,
                    "storage_encrypted": false,
                    "tags": {
                        "test-tag": "insert tag"
                    },
                    "tags_all": {
                        "test-tag": "insert tag"
                    },
                    "timeouts": null
                },
                "after_unknown": {
                    "arn": true,
                    "availability_zones": [
                        false
                    ],
                    "cluster_identifier_prefix": true,
                    "cluster_members": true,
                    "cluster_resource_id": true,
                    "enable_cloudwatch_logs_exports": [
                        false,
                        false
                    ],
                    "endpoint": true,
                    "hosted_zone_id": true,
                    "id": true,
                    "kms_key_arn": true,
                    "neptune_cluster_parameter_group_name": true,
                    "neptune_subnet_group_name": true,
                    "preferred_maintenance_window": true,
                    "reader_endpoint": true,
                    "serverless_v2_scaling_configuration": [],
                    "tags": {},
                    "tags_all": {},
                    "vpc_security_group_ids": true
                },
                "before_sensitive": false,
                "after_sensitive": {
                    "availability_zones": [
                        false
                    ],
                    "cluster_members": [],
                    "enable_cloudwatch_logs_exports": [
                        false,
                        false
                    ],
                    "serverless_v2_scaling_configuration": [],
                    "tags": {},
                    "tags_all": {},
                    "vpc_security_group_ids": []
                }
            }
        },
        {
            "address": "aws_neptune_cluster_parameter_group.example_cluster_parameter_group",
            "mode": "managed",
            "type": "aws_neptune_cluster_parameter_group",
            "name": "example_cluster_parameter_group",
            "provider_name": "registry.terraform.io/hashicorp/aws",
            "change": {
                "actions": [
                    "create"
                ],
                "before": null,
                "after": {
                    "description": "terraform neptune cluster parameter group",
                    "family": "neptune1.2",
                    "name": "example",
                    "parameter": [
                        {
                            "apply_method": "pending-reboot",
                            "name": "neptune_enable_audit_log",
                            "value": "1"
                        }
                    ],
                    "tags": {
                        "Name": "My neptune cluster parameter group"
                    },
                    "tags_all": {
                        "Name": "My neptune cluster parameter group"
                    }
                },
                "after_unknown": {
                    "arn": true,
                    "id": true,
                    "name_prefix": true,
                    "parameter": [
                        {}
                    ],
                    "tags": {},
                    "tags_all": {}
                },
                "before_sensitive": false,
                "after_sensitive": {
                    "parameter": [
                        {}
                    ],
                    "tags": {},
                    "tags_all": {}
                }
            }
        },
        {
            "address": "aws_neptune_subnet_group.example_subnet_group",
            "mode": "managed",
            "type": "aws_neptune_subnet_group",
            "name": "example_subnet_group",
            "provider_name": "registry.terraform.io/hashicorp/aws",
            "change": {
                "actions": [
                    "create"
                ],
                "before": null,
                "after": {
                    "description": "terraform neptune subnet group",
                    "name": "example",
                    "tags": {
                        "Name": "My neptune subnet group"
                    },
                    "tags_all": {
                        "Name": "My neptune subnet group"
                    }
                },
                "after_unknown": {
                    "arn": true,
                    "id": true,
                    "name_prefix": true,
                    "subnet_ids": true,
                    "tags": {},
                    "tags_all": {}
                },
                "before_sensitive": false,
                "after_sensitive": {
                    "subnet_ids": [],
                    "tags": {},
                    "tags_all": {}
                }
            }
        },
        {
            "address": "aws_subnet.subnet1",
            "mode": "managed",
            "type": "aws_subnet",
            "name": "subnet1",
            "provider_name": "registry.terraform.io/hashicorp/aws",
            "change": {
                "actions": [
                    "create"
                ],
                "before": null,
                "after": {
                    "assign_ipv6_address_on_creation": false,
                    "cidr_block": "10.0.1.0/24",
                    "customer_owned_ipv4_pool": null,
                    "enable_dns64": false,
                    "enable_lni_at_device_index": null,
                    "enable_resource_name_dns_a_record_on_launch": false,
                    "enable_resource_name_dns_aaaa_record_on_launch": false,
                    "ipv6_cidr_block": null,
                    "ipv6_native": false,
                    "map_customer_owned_ip_on_launch": null,
                    "map_public_ip_on_launch": false,
                    "outpost_arn": null,
                    "tags": null,
                    "timeouts": null
                },
                "after_unknown": {
                    "arn": true,
                    "availability_zone": true,
                    "availability_zone_id": true,
                    "id": true,
                    "ipv6_cidr_block_association_id": true,
                    "owner_id": true,
                    "private_dns_hostname_type_on_launch": true,
                    "tags_all": true,
                    "vpc_id": true
                },
                "before_sensitive": false,
                "after_sensitive": {
                    "tags_all": {}
                }
            }
        },
        {
            "address": "aws_subnet.subnet2",
            "mode": "managed",
            "type": "aws_subnet",
            "name": "subnet2",
            "provider_name": "registry.terraform.io/hashicorp/aws",
            "change": {
                "actions": [
                    "create"
                ],
                "before": null,
                "after": {
                    "assign_ipv6_address_on_creation": false,
                    "cidr_block": "10.0.2.0/24",
                    "customer_owned_ipv4_pool": null,
                    "enable_dns64": false,
                    "enable_lni_at_device_index": null,
                    "enable_resource_name_dns_a_record_on_launch": false,
                    "enable_resource_name_dns_aaaa_record_on_launch": false,
                    "ipv6_cidr_block": null,
                    "ipv6_native": false,
                    "map_customer_owned_ip_on_launch": null,
                    "map_public_ip_on_launch": false,
                    "outpost_arn": null,
                    "tags": null,
                    "timeouts": null
                },
                "after_unknown": {
                    "arn": true,
                    "availability_zone": true,
                    "availability_zone_id": true,
                    "id": true,
                    "ipv6_cidr_block_association_id": true,
                    "owner_id": true,
                    "private_dns_hostname_type_on_launch": true,
                    "tags_all": true,
                    "vpc_id": true
                },
                "before_sensitive": false,
                "after_sensitive": {
                    "tags_all": {}
                }
            }
        },
        {
            "address": "aws_vpc.example_vpc",
            "mode": "managed",
            "type": "aws_vpc",
            "name": "example_vpc",
            "provider_name": "registry.terraform.io/hashicorp/aws",
            "change": {
                "actions": [
                    "create"
                ],
                "before": null,
                "after": {
                    "assign_generated_ipv6_cidr_block": null,
                    "cidr_block": "10.0.0.0/16",
                    "enable_dns_support": true,
                    "instance_tenancy": "default",
                    "ipv4_ipam_pool_id": null,
                    "ipv4_netmask_length": null,
                    "ipv6_ipam_pool_id": null,
                    "ipv6_netmask_length": null,
                    "tags": null
                },
                "after_unknown": {
                    "arn": true,
                    "default_network_acl_id": true,
                    "default_route_table_id": true,
                    "default_security_group_id": true,
                    "dhcp_options_id": true,
                    "enable_dns_hostnames": true,
                    "enable_network_address_usage_metrics": true,
                    "id": true,
                    "ipv6_association_id": true,
                    "ipv6_cidr_block": true,
                    "ipv6_cidr_block_network_border_group": true,
                    "main_route_table_id": true,
                    "owner_id": true,
                    "tags_all": true
                },
                "before_sensitive": false,
                "after_sensitive": {
                    "tags_all": {}
                }
            }
        }
    ],
    "configuration": {
        "provider_config": {
            "aws": {
                "name": "aws",
                "full_name": "registry.terraform.io/hashicorp/aws"
            }
        },
        "root_module": {
            "resources": [
                {
                    "address": "aws_neptune_cluster.default",
                    "mode": "managed",
                    "type": "aws_neptune_cluster",
                    "name": "default",
                    "provider_config_key": "aws",
                    "expressions": {
                        "allow_major_version_upgrade": {
                            "constant_value": false
                        },
                        "apply_immediately": {
                            "constant_value": true
                        },
                        "availability_zones": {
                            "constant_value": [
                                "us-east-1a"
                            ]
                        },
                        "backup_retention_period": {
                            "constant_value": 2
                        },
                        "cluster_identifier": {
                            "constant_value": "neptune-cluster-demo"
                        },
                        "copy_tags_to_snapshot": {
                            "constant_value": false
                        },
                        "deletion_protection": {
                            "constant_value": false
                        },
                        "enable_cloudwatch_logs_exports": {
                            "constant_value": [
                                "audit",
                                "slowquery"
                            ]
                        },
                        "engine": {
                            "constant_value": "neptune"
                        },
                        "engine_version": {
                            "constant_value": "1.2.1.0"
                        },
                        "final_snapshot_identifier": {
                            "constant_value": "cluster-final-snapshot"
                        },
                        "iam_database_authentication_enabled": {
                            "constant_value": false
                        },
                        "neptune_cluster_parameter_group_name": {
                            "references": [
                                "aws_neptune_cluster_parameter_group.example_cluster_parameter_group.id",
                                "aws_neptune_cluster_parameter_group.example_cluster_parameter_group"
                            ]
                        },
                        "neptune_subnet_group_name": {
                            "references": [
                                "aws_neptune_subnet_group.example_subnet_group.id",
                                "aws_neptune_subnet_group.example_subnet_group"
                            ]
                        },
                        "port": {
                            "constant_value": 8182
                        },
                        "preferred_backup_window": {
                            "constant_value": "07:00-09:00"
                        },
                        "skip_final_snapshot": {
                            "constant_value": true
                        },
                        "storage_encrypted": {
                            "constant_value": false
                        },
                        "tags": {
                            "constant_value": {
                                "test-tag": "insert tag"
                            }
                        }
                    },
                    "schema_version": 0
                },
                {
                    "address": "aws_neptune_cluster_parameter_group.example_cluster_parameter_group",
                    "mode": "managed",
                    "type": "aws_neptune_cluster_parameter_group",
                    "name": "example_cluster_parameter_group",
                    "provider_config_key": "aws",
                    "expressions": {
                        "description": {
                            "constant_value": "terraform neptune cluster parameter group"
                        },
                        "family": {
                            "constant_value": "neptune1.2"
                        },
                        "name": {
                            "constant_value": "example"
                        },
                        "parameter": [
                            {
                                "name": {
                                    "constant_value": "neptune_enable_audit_log"
                                },
                                "value": {
                                    "constant_value": 1
                                }
                            }
                        ],
                        "tags": {
                            "constant_value": {
                                "Name": "My neptune cluster parameter group"
                            }
                        }
                    },
                    "schema_version": 0
                },
                {
                    "address": "aws_neptune_subnet_group.example_subnet_group",
                    "mode": "managed",
                    "type": "aws_neptune_subnet_group",
                    "name": "example_subnet_group",
                    "provider_config_key": "aws",
                    "expressions": {
                        "description": {
                            "constant_value": "terraform neptune subnet group"
                        },
                        "name": {
                            "constant_value": "example"
                        },
                        "subnet_ids": {
                            "references": [
                                "aws_subnet.subnet1.id",
                                "aws_subnet.subnet1",
                                "aws_subnet.subnet2.id",
                                "aws_subnet.subnet2"
                            ]
                        },
                        "tags": {
                            "constant_value": {
                                "Name": "My neptune subnet group"
                            }
                        }
                    },
                    "schema_version": 0
                },
                {
                    "address": "aws_subnet.subnet1",
                    "mode": "managed",
                    "type": "aws_subnet",
                    "name": "subnet1",
                    "provider_config_key": "aws",
                    "expressions": {
                        "cidr_block": {
                            "constant_value": "10.0.1.0/24"
                        },
                        "vpc_id": {
                            "references": [
                                "aws_vpc.example_vpc.id",
                                "aws_vpc.example_vpc"
                            ]
                        }
                    },
                    "schema_version": 1
                },
                {
                    "address": "aws_subnet.subnet2",
                    "mode": "managed",
                    "type": "aws_subnet",
                    "name": "subnet2",
                    "provider_config_key": "aws",
                    "expressions": {
                        "cidr_block": {
                            "constant_value": "10.0.2.0/24"
                        },
                        "vpc_id": {
                            "references": [
                                "aws_vpc.example_vpc.id",
                                "aws_vpc.example_vpc"
                            ]
                        }
                    },
                    "schema_version": 1
                },
                {
                    "address": "aws_vpc.example_vpc",
                    "mode": "managed",
                    "type": "aws_vpc",
                    "name": "example_vpc",
                    "provider_config_key": "aws",
                    "expressions": {
                        "cidr_block": {
                            "constant_value": "10.0.0.0/16"
                        }
                    },
                    "schema_version": 1
                }
            ]
        }
    },
    "relevant_attributes": [
        {
            "resource": "aws_subnet.subnet1",
            "attribute": [
                "id"
            ]
        },
        {
            "resource": "aws_subnet.subnet2",
            "attribute": [
                "id"
            ]
        },
        {
            "resource": "aws_neptune_cluster_parameter_group.example_cluster_parameter_group",
            "attribute": [
                "id"
            ]
        },
        {
            "resource": "aws_neptune_subnet_group.example_subnet_group",
            "attribute": [
                "id"
            ]
        },
        {
            "resource": "aws_vpc.example_vpc",
            "attribute": [
                "id"
            ]
        }
    ],
    "timestamp": "2024-01-03T17:28:49Z",
    "errored": false
}