{
    "format_version": "1.2",
    "terraform_version": "1.5.7",
    "planned_values": {
        "root_module": {
            "resources": [
                {
                    "address": "aws_iam_user.example",
                    "mode": "managed",
                    "type": "aws_iam_user",
                    "name": "example",
                    "provider_name": "registry.terraform.io/hashicorp/aws",
                    "schema_version": 0,
                    "values": {
                        "force_destroy": false,
                        "name": "example_user",
                        "path": "/system/",
                        "permissions_boundary": null,
                        "tags": {
                            "tag-key": "tag-value"
                        },
                        "tags_all": {
                            "tag-key": "tag-value"
                        }
                    },
                    "sensitive_values": {
                        "tags": {},
                        "tags_all": {}
                    }
                }
            ]
        }
    },
    "resource_changes": [
        {
            "address": "aws_iam_user.example",
            "mode": "managed",
            "type": "aws_iam_user",
            "name": "example",
            "provider_name": "registry.terraform.io/hashicorp/aws",
            "change": {
                "actions": [
                    "create"
                ],
                "before": null,
                "after": {
                    "force_destroy": false,
                    "name": "example_user",
                    "path": "/system/",
                    "permissions_boundary": null,
                    "tags": {
                        "tag-key": "tag-value"
                    },
                    "tags_all": {
                        "tag-key": "tag-value"
                    }
                },
                "after_unknown": {
                    "arn": true,
                    "id": true,
                    "tags": {},
                    "tags_all": {},
                    "unique_id": true
                },
                "before_sensitive": false,
                "after_sensitive": {
                    "tags": {},
                    "tags_all": {}
                }
            }
        }
    ],
    "configuration": {
        "provider_config": {
            "aws": {
                "name": "aws",
                "full_name": "registry.terraform.io/hashicorp/aws"
            }
        },
        "root_module": {
            "resources": [
                {
                    "address": "aws_iam_user.example",
                    "mode": "managed",
                    "type": "aws_iam_user",
                    "name": "example",
                    "provider_config_key": "aws",
                    "expressions": {
                        "force_destroy": {
                            "constant_value": false
                        },
                        "name": {
                            "constant_value": "example_user"
                        },
                        "path": {
                            "constant_value": "/system/"
                        },
                        "tags": {
                            "constant_value": {
                                "tag-key": "tag-value"
                            }
                        }
                    },
                    "schema_version": 0
                }
            ]
        }
    },
    "timestamp": "2023-12-05T20:00:49Z"
}